
Microsoft Visual Studio Solution File, Format Version 12.00
# Visual Studio Version 17
VisualStudioVersion = 17.4.33205.214
MinimumVisualStudioVersion = 10.0.40219.1
Project("{FAE04EC0-301F-11D3-BF4B-00C04F79EFBC}") = "Using GridFS and MongoDB", "Using GridFS and MongoDB.csproj", "{EE19E745-07D0-4926-82F0-96E91784EC91}"
EndProject
Global
	GlobalSection(SolutionConfigurationPlatforms) = preSolution
		Debug|Any CPU = Debug|Any CPU
		Release|Any CPU = Release|Any CPU
	EndGlobalSection
	GlobalSection(ProjectConfigurationPlatforms) = postSolution
		{EE19E745-07D0-4926-82F0-96E91784EC91}.Debug|Any CPU.ActiveCfg = Debug|Any CPU
		{EE19E745-07D0-4926-82F0-96E91784EC91}.Debug|Any CPU.Build.0 = Debug|Any CPU
		{EE19E745-07D0-4926-82F0-96E91784EC91}.Release|Any CPU.ActiveCfg = Release|Any CPU
		{EE19E745-07D0-4926-82F0-96E91784EC91}.Release|Any CPU.Build.0 = Release|Any CPU
	EndGlobalSection
	GlobalSection(SolutionProperties) = preSolution
		HideSolutionNode = FALSE
	EndGlobalSection
	GlobalSection(ExtensibilityGlobals) = postSolution
		SolutionGuid = {BF16EF8C-F1AD-44FD-A275-DD0F71326389}
	EndGlobalSection
EndGlobal
